
Microsoft Visual Studio Solution File, Format Version 12.00
# Visual Studio Version 17
VisualStudioVersion = 17.9.34616.47
MinimumVisualStudioVersion = 10.0.40219.1
Project("{FAE04EC0-301F-11D3-BF4B-00C04F79EFBC}") = "Comversor c", "Comversor c\Comversor c.csproj", "{A3EBEA72-DF55-437D-B7AA-E72945AFAA4A}"
EndProject
Global
	GlobalSection(SolutionConfigurationPlatforms) = preSolution
		Debug|Any CPU = Debug|Any CPU
		Release|Any CPU = Release|Any CPU
	EndGlobalSection
	GlobalSection(ProjectConfigurationPlatforms) = postSolution
		{A3EBEA72-DF55-437D-B7AA-E72945AFAA4A}.Debug|Any CPU.ActiveCfg = Debug|Any CPU
		{A3EBEA72-DF55-437D-B7AA-E72945AFAA4A}.Debug|Any CPU.Build.0 = Debug|Any CPU
		{A3EBEA72-DF55-437D-B7AA-E72945AFAA4A}.Release|Any CPU.ActiveCfg = Release|Any CPU
		{A3EBEA72-DF55-437D-B7AA-E72945AFAA4A}.Release|Any CPU.Build.0 = Release|Any CPU
	EndGlobalSection
	GlobalSection(SolutionProperties) = preSolution
		HideSolutionNode = FALSE
	EndGlobalSection
	GlobalSection(ExtensibilityGlobals) = postSolution
		SolutionGuid = {83696112-9244-43F4-8FA7-7F02BCAF7BE8}
	EndGlobalSection
EndGlobal
